
Microsoft Visual Studio Solution File, Format Version 12.00
# Visual Studio Version 16
VisualStudioVersion = 16.0.30804.86
MinimumVisualStudioVersion = 10.0.40219.1
Project("{9A19103F-16F7-4668-BE54-9A1E7A4F7556}") = "Server", "Server\Server.csproj", "{9B58BEBD-FCA9-4504-9F12-12C01D90AB57}"
EndProject
Project("{9A19103F-16F7-4668-BE54-9A1E7A4F7556}") = "BI", "BI\BI.csproj", "{1EFFD3A4-582E-4829-BFD0-1627A9F9DFFE}"
EndProject
Project("{9A19103F-16F7-4668-BE54-9A1E7A4F7556}") = "DAL", "DAL\DAL.csproj", "{810977E2-3058-404C-9444-BE3E808FA401}"
EndProject
Project("{9A19103F-16F7-4668-BE54-9A1E7A4F7556}") = "Common", "Common\Common.csproj", "{A35F89E1-9C5A-425D-ABE9-1C0C9F4C9FD5}"
EndProject
Project("{FAE04EC0-301F-11D3-BF4B-00C04F79EFBC}") = "ProfilesForMapping", "ProfilesForMapping\ProfilesForMapping.csproj", "{0986C588-4E7A-4E77-BDEA-02C83CBF8023}"
EndProject
Global
	GlobalSection(SolutionConfigurationPlatforms) = preSolution
		Debug|Any CPU = Debug|Any CPU
		Release|Any CPU = Release|Any CPU
	EndGlobalSection
	GlobalSection(ProjectConfigurationPlatforms) = postSolution
		{9B58BEBD-FCA9-4504-9F12-12C01D90AB57}.Debug|Any CPU.ActiveCfg = Debug|Any CPU
		{9B58BEBD-FCA9-4504-9F12-12C01D90AB57}.Debug|Any CPU.Build.0 = Debug|Any CPU
		{9B58BEBD-FCA9-4504-9F12-12C01D90AB57}.Release|Any CPU.ActiveCfg = Release|Any CPU
		{9B58BEBD-FCA9-4504-9F12-12C01D90AB57}.Release|Any CPU.Build.0 = Release|Any CPU
		{1EFFD3A4-582E-4829-BFD0-1627A9F9DFFE}.Debug|Any CPU.ActiveCfg = Debug|Any CPU
		{1EFFD3A4-582E-4829-BFD0-1627A9F9DFFE}.Debug|Any CPU.Build.0 = Debug|Any CPU
		{1EFFD3A4-582E-4829-BFD0-1627A9F9DFFE}.Release|Any CPU.ActiveCfg = Release|Any CPU
		{1EFFD3A4-582E-4829-BFD0-1627A9F9DFFE}.Release|Any CPU.Build.0 = Release|Any CPU
		{810977E2-3058-404C-9444-BE3E808FA401}.Debug|Any CPU.ActiveCfg = Debug|Any CPU
		{810977E2-3058-404C-9444-BE3E808FA401}.Debug|Any CPU.Build.0 = Debug|Any CPU
		{810977E2-3058-404C-9444-BE3E808FA401}.Release|Any CPU.ActiveCfg = Release|Any CPU
		{810977E2-3058-404C-9444-BE3E808FA401}.Release|Any CPU.Build.0 = Release|Any CPU
		{A35F89E1-9C5A-425D-ABE9-1C0C9F4C9FD5}.Debug|Any CPU.ActiveCfg = Debug|Any CPU
		{A35F89E1-9C5A-425D-ABE9-1C0C9F4C9FD5}.Debug|Any CPU.Build.0 = Debug|Any CPU
		{A35F89E1-9C5A-425D-ABE9-1C0C9F4C9FD5}.Release|Any CPU.ActiveCfg = Release|Any CPU
		{A35F89E1-9C5A-425D-ABE9-1C0C9F4C9FD5}.Release|Any CPU.Build.0 = Release|Any CPU
		{0986C588-4E7A-4E77-BDEA-02C83CBF8023}.Debug|Any CPU.ActiveCfg = Debug|Any CPU
		{0986C588-4E7A-4E77-BDEA-02C83CBF8023}.Debug|Any CPU.Build.0 = Debug|Any CPU
		{0986C588-4E7A-4E77-BDEA-02C83CBF8023}.Release|Any CPU.ActiveCfg = Release|Any CPU
		{0986C588-4E7A-4E77-BDEA-02C83CBF8023}.Release|Any CPU.Build.0 = Release|Any CPU
	EndGlobalSection
	GlobalSection(SolutionProperties) = preSolution
		HideSolutionNode = FALSE
	EndGlobalSection
	GlobalSection(ExtensibilityGlobals) = postSolution
		SolutionGuid = {FBE5E66E-6157-4477-A041-CEF2C68AF733}
	EndGlobalSection
EndGlobal
